
Microsoft Visual Studio Solution File, Format Version 12.00
# Visual Studio Version 17
VisualStudioVersion = 17.8.34330.188
MinimumVisualStudioVersion = 10.0.40219.1
Project("{FAE04EC0-301F-11D3-BF4B-00C04F79EFBC}") = "DBMS_PROJECT_DRAFT1", "DBMS_PROJECT_DRAFT1.csproj", "{F58C1CB9-6FAF-4D6E-91F3-D5081CFF0263}"
EndProject
Global
	GlobalSection(SolutionConfigurationPlatforms) = preSolution
		Debug|Any CPU = Debug|Any CPU
		Release|Any CPU = Release|Any CPU
	EndGlobalSection
	GlobalSection(ProjectConfigurationPlatforms) = postSolution
		{F58C1CB9-6FAF-4D6E-91F3-D5081CFF0263}.Debug|Any CPU.ActiveCfg = Debug|Any CPU
		{F58C1CB9-6FAF-4D6E-91F3-D5081CFF0263}.Debug|Any CPU.Build.0 = Debug|Any CPU
		{F58C1CB9-6FAF-4D6E-91F3-D5081CFF0263}.Release|Any CPU.ActiveCfg = Release|Any CPU
		{F58C1CB9-6FAF-4D6E-91F3-D5081CFF0263}.Release|Any CPU.Build.0 = Release|Any CPU
	EndGlobalSection
	GlobalSection(SolutionProperties) = preSolution
		HideSolutionNode = FALSE
	EndGlobalSection
	GlobalSection(ExtensibilityGlobals) = postSolution
		SolutionGuid = {3D42DF74-9E49-4BBC-91BE-3B4373F4FD3D}
	EndGlobalSection
EndGlobal
